// !$*UTF8*$!
{
	archiveVersion = 1;
	classes = {
	};
	objectVersion = 56;
	objects = {

/* Begin PBXBuildFile section */
		121A56DF2B6F6496006ED02D /* HomeBgView.swift in Sources */ = {isa = PBXBuildFile; fileRef = 121A56DE2B6F6496006ED02D /* HomeBgView.swift */; };
		121A56E02B6F7A20006ED02D /* home_bg.mp4 in Resources */ = {isa = PBXBuildFile; fileRef = 121A56DC2B6F5F52006ED02D /* home_bg.mp4 */; };
		121A56E32B6FB2DA006ED02D /* UILabel+Extension.swift in Sources */ = {isa = PBXBuildFile; fileRef = 121A56E22B6FB2DA006ED02D /* UILabel+Extension.swift */; };
		121A56E52B6FB575006ED02D /* NSAttributedString+Extension.swift in Sources */ = {isa = PBXBuildFile; fileRef = 121A56E42B6FB575006ED02D /* NSAttributedString+Extension.swift */; };
		129A42D12B824047007B8DF0 /* MatchListCell.swift in Sources */ = {isa = PBXBuildFile; fileRef = 129A42D02B824047007B8DF0 /* MatchListCell.swift */; };
		129AA4092B790F3F00F8FE62 /* RxBlocking in Frameworks */ = {isa = PBXBuildFile; productRef = 129AA4082B790F3F00F8FE62 /* RxBlocking */; };
		129AA40B2B790F3F00F8FE62 /* RxBlocking-Dynamic in Frameworks */ = {isa = PBXBuildFile; productRef = 129AA40A2B790F3F00F8FE62 /* RxBlocking-Dynamic */; };
		129AA40D2B790F3F00F8FE62 /* RxCocoa in Frameworks */ = {isa = PBXBuildFile; productRef = 129AA40C2B790F3F00F8FE62 /* RxCocoa */; };
		129AA40F2B790F3F00F8FE62 /* RxCocoa-Dynamic in Frameworks */ = {isa = PBXBuildFile; productRef = 129AA40E2B790F3F00F8FE62 /* RxCocoa-Dynamic */; };
		129AA4112B790F3F00F8FE62 /* RxRelay in Frameworks */ = {isa = PBXBuildFile; productRef = 129AA4102B790F3F00F8FE62 /* RxRelay */; };
		129AA41A2B7A3E6400F8FE62 /* Constants.swift in Sources */ = {isa = PBXBuildFile; fileRef = 129AA4192B7A3E6400F8FE62 /* Constants.swift */; };
		129AA41D2B7A57BD00F8FE62 /* Toast in Frameworks */ = {isa = PBXBuildFile; productRef = 129AA41C2B7A57BD00F8FE62 /* Toast */; };
		129AA4222B7A5F3800F8FE62 /* ServerSelectBottomSheet.swift in Sources */ = {isa = PBXBuildFile; fileRef = 129AA4212B7A5F3800F8FE62 /* ServerSelectBottomSheet.swift */; };
		12A02B8D2B831D8A002BE599 /* DataDragon.swift in Sources */ = {isa = PBXBuildFile; fileRef = 12A02B8C2B831D8A002BE599 /* DataDragon.swift */; };
		12A02B902B8325E7002BE599 /* SpellMetadata.swift in Sources */ = {isa = PBXBuildFile; fileRef = 12A02B8F2B8325E7002BE599 /* SpellMetadata.swift */; };
		12A0B77E2B7F1753008FDA9C /* MatchDto.swift in Sources */ = {isa = PBXBuildFile; fileRef = 12A0B77D2B7F1753008FDA9C /* MatchDto.swift */; };
		12A0B7802B7F2437008FDA9C /* CurrentGameInto.swift in Sources */ = {isa = PBXBuildFile; fileRef = 12A0B77F2B7F2437008FDA9C /* CurrentGameInto.swift */; };
		12A0B7822B7F30C8008FDA9C /* LeagueEntryDto.swift in Sources */ = {isa = PBXBuildFile; fileRef = 12A0B7812B7F30C8008FDA9C /* LeagueEntryDto.swift */; };
		12A0B7842B7F3669008FDA9C /* ChampionMasteryDto.swift in Sources */ = {isa = PBXBuildFile; fileRef = 12A0B7832B7F3669008FDA9C /* ChampionMasteryDto.swift */; };
		12A66F172B7E24B6001FDC45 /* Key.plist in Resources */ = {isa = PBXBuildFile; fileRef = 12A66F162B7E24B6001FDC45 /* Key.plist */; };
		12A66F192B7E2A8F001FDC45 /* Bundle+Extension.swift in Sources */ = {isa = PBXBuildFile; fileRef = 12A66F182B7E2A8F001FDC45 /* Bundle+Extension.swift */; };
		12A66F1B2B7E31C3001FDC45 /* Log.swift in Sources */ = {isa = PBXBuildFile; fileRef = 12A66F1A2B7E31C3001FDC45 /* Log.swift */; };
		12B1E0CA2B711E0500D48EE0 /* MaskingLabel.swift in Sources */ = {isa = PBXBuildFile; fileRef = 12B1E0C92B711E0500D48EE0 /* MaskingLabel.swift */; };
		12BEBFA92B7CCEE10000BC0B /* ApiClient.swift in Sources */ = {isa = PBXBuildFile; fileRef = 12BEBFA22B7CCEE00000BC0B /* ApiClient.swift */; };
		12BEBFAA2B7CCEE10000BC0B /* ApiService.swift in Sources */ = {isa = PBXBuildFile; fileRef = 12BEBFA32B7CCEE00000BC0B /* ApiService.swift */; };
		12BEBFB02B7CEC6F0000BC0B /* ErrorResponse.swift in Sources */ = {isa = PBXBuildFile; fileRef = 12BEBFAF2B7CEC6F0000BC0B /* ErrorResponse.swift */; };
		12BEBFB22B7CF7350000BC0B /* AccountDto.swift in Sources */ = {isa = PBXBuildFile; fileRef = 12BEBFB12B7CF7350000BC0B /* AccountDto.swift */; };
		12BEBFB52B7CFF230000BC0B /* MatchListViewController.swift in Sources */ = {isa = PBXBuildFile; fileRef = 12BEBFB42B7CFF230000BC0B /* MatchListViewController.swift */; };
		12BEBFB72B7CFF350000BC0B /* MatchListViewModel.swift in Sources */ = {isa = PBXBuildFile; fileRef = 12BEBFB62B7CFF350000BC0B /* MatchListViewModel.swift */; };
		12BEBFB92B7D094B0000BC0B /* SummonerDto.swift in Sources */ = {isa = PBXBuildFile; fileRef = 12BEBFB82B7D094B0000BC0B /* SummonerDto.swift */; };
		12C8EA3B2B7B118E0008F402 /* loading.json in Resources */ = {isa = PBXBuildFile; fileRef = 12C8EA3A2B7B118E0008F402 /* loading.json */; };
		12C8EA402B7B48040008F402 /* FloatingPanel in Frameworks */ = {isa = PBXBuildFile; productRef = 12C8EA3F2B7B48040008F402 /* FloatingPanel */; };
		12C8EA442B7B53010008F402 /* BottomSheetView.swift in Sources */ = {isa = PBXBuildFile; fileRef = 12C8EA432B7B53010008F402 /* BottomSheetView.swift */; };
		12C8EA4A2B7B78920008F402 /* RiotServer.swift in Sources */ = {isa = PBXBuildFile; fileRef = 12C8EA492B7B78920008F402 /* RiotServer.swift */; };
		12C8EA4C2B7B7F060008F402 /* UIViewController+Extension.swift in Sources */ = {isa = PBXBuildFile; fileRef = 12C8EA4B2B7B7F050008F402 /* UIViewController+Extension.swift */; };
		12C8EA4E2B7B83F50008F402 /* ServerSelectCell.swift in Sources */ = {isa = PBXBuildFile; fileRef = 12C8EA4D2B7B83F50008F402 /* ServerSelectCell.swift */; };
		12C8EA512B7BBD8E0008F402 /* SDWebImage in Frameworks */ = {isa = PBXBuildFile; productRef = 12C8EA502B7BBD8E0008F402 /* SDWebImage */; };
		12C8EA532B7BBD8E0008F402 /* SDWebImageMapKit in Frameworks */ = {isa = PBXBuildFile; productRef = 12C8EA522B7BBD8E0008F402 /* SDWebImageMapKit */; };
		12C8EA562B7BBDA50008F402 /* Alamofire in Frameworks */ = {isa = PBXBuildFile; productRef = 12C8EA552B7BBDA50008F402 /* Alamofire */; };
		12C8EA592B7BBEA90008F402 /* SDWebImageSVGCoder in Frameworks */ = {isa = PBXBuildFile; productRef = 12C8EA582B7BBEA90008F402 /* SDWebImageSVGCoder */; };
		12CD220B2B6E6A4900244152 /* AppDelegate.swift in Sources */ = {isa = PBXBuildFile; fileRef = 12CD220A2B6E6A4900244152 /* AppDelegate.swift */; };
		12CD220D2B6E6A4900244152 /* SceneDelegate.swift in Sources */ = {isa = PBXBuildFile; fileRef = 12CD220C2B6E6A4900244152 /* SceneDelegate.swift */; };
		12CD220F2B6E6A4900244152 /* HomeViewController.swift in Sources */ = {isa = PBXBuildFile; fileRef = 12CD220E2B6E6A4900244152 /* HomeViewController.swift */; };
		12CD22122B6E6A4900244152 /* Main.storyboard in Resources */ = {isa = PBXBuildFile; fileRef = 12CD22102B6E6A4900244152 /* Main.storyboard */; };
		12CD22142B6E6A4B00244152 /* Assets.xcassets in Resources */ = {isa = PBXBuildFile; fileRef = 12CD22132B6E6A4B00244152 /* Assets.xcassets */; };
		12CD22172B6E6A4B00244152 /* LaunchScreen.storyboard in Resources */ = {isa = PBXBuildFile; fileRef = 12CD22152B6E6A4B00244152 /* LaunchScreen.storyboard */; };
/* End PBXBuildFile section */

/* Begin PBXFileReference section */
		121A56DC2B6F5F52006ED02D /* home_bg.mp4 */ = {isa = PBXFileReference; lastKnownFileType = file; path = home_bg.mp4; sourceTree = "<group>"; };
		121A56DE2B6F6496006ED02D /* HomeBgView.swift */ = {isa = PBXFileReference; lastKnownFileType = sourcecode.swift; path = HomeBgView.swift; sourceTree = "<group>"; };
		121A56E22B6FB2DA006ED02D /* UILabel+Extension.swift */ = {isa = PBXFileReference; lastKnownFileType = sourcecode.swift; path = "UILabel+Extension.swift"; sourceTree = "<group>"; };
		121A56E42B6FB575006ED02D /* NSAttributedString+Extension.swift */ = {isa = PBXFileReference; lastKnownFileType = sourcecode.swift; path = "NSAttributedString+Extension.swift"; sourceTree = "<group>"; };
		129A42D02B824047007B8DF0 /* MatchListCell.swift */ = {isa = PBXFileReference; lastKnownFileType = sourcecode.swift; path = MatchListCell.swift; sourceTree = "<group>"; };
		129AA4192B7A3E6400F8FE62 /* Constants.swift */ = {isa = PBXFileReference; lastKnownFileType = sourcecode.swift; path = Constants.swift; sourceTree = "<group>"; };
		129AA4212B7A5F3800F8FE62 /* ServerSelectBottomSheet.swift */ = {isa = PBXFileReference; lastKnownFileType = sourcecode.swift; path = ServerSelectBottomSheet.swift; sourceTree = "<group>"; };
		12A02B8C2B831D8A002BE599 /* DataDragon.swift */ = {isa = PBXFileReference; lastKnownFileType = sourcecode.swift; path = DataDragon.swift; sourceTree = "<group>"; };
		12A02B8F2B8325E7002BE599 /* SpellMetadata.swift */ = {isa = PBXFileReference; lastKnownFileType = sourcecode.swift; path = SpellMetadata.swift; sourceTree = "<group>"; };
		12A0B77D2B7F1753008FDA9C /* MatchDto.swift */ = {isa = PBXFileReference; lastKnownFileType = sourcecode.swift; path = MatchDto.swift; sourceTree = "<group>"; };
		12A0B77F2B7F2437008FDA9C /* CurrentGameInto.swift */ = {isa = PBXFileReference; lastKnownFileType = sourcecode.swift; path = CurrentGameInto.swift; sourceTree = "<group>"; };
		12A0B7812B7F30C8008FDA9C /* LeagueEntryDto.swift */ = {isa = PBXFileReference; lastKnownFileType = sourcecode.swift; path = LeagueEntryDto.swift; sourceTree = "<group>"; };
		12A0B7832B7F3669008FDA9C /* ChampionMasteryDto.swift */ = {isa = PBXFileReference; lastKnownFileType = sourcecode.swift; path = ChampionMasteryDto.swift; sourceTree = "<group>"; };
		12A66F162B7E24B6001FDC45 /* Key.plist */ = {isa = PBXFileReference; lastKnownFileType = text.plist.xml; path = Key.plist; sourceTree = "<group>"; };
		12A66F182B7E2A8F001FDC45 /* Bundle+Extension.swift */ = {isa = PBXFileReference; lastKnownFileType = sourcecode.swift; path = "Bundle+Extension.swift"; sourceTree = "<group>"; };
		12A66F1A2B7E31C3001FDC45 /* Log.swift */ = {isa = PBXFileReference; lastKnownFileType = sourcecode.swift; path = Log.swift; sourceTree = "<group>"; };
		12B1E0C92B711E0500D48EE0 /* MaskingLabel.swift */ = {isa = PBXFileReference; lastKnownFileType = sourcecode.swift; path = MaskingLabel.swift; sourceTree = "<group>"; };
		12BEBFA22B7CCEE00000BC0B /* ApiClient.swift */ = {isa = PBXFileReference; fileEncoding = 4; lastKnownFileType = sourcecode.swift; path = ApiClient.swift; sourceTree = "<group>"; };
		12BEBFA32B7CCEE00000BC0B /* ApiService.swift */ = {isa = PBXFileReference; fileEncoding = 4; lastKnownFileType = sourcecode.swift; path = ApiService.swift; sourceTree = "<group>"; };
		12BEBFAF2B7CEC6F0000BC0B /* ErrorResponse.swift */ = {isa = PBXFileReference; lastKnownFileType = sourcecode.swift; path = ErrorResponse.swift; sourceTree = "<group>"; };
		12BEBFB12B7CF7350000BC0B /* AccountDto.swift */ = {isa = PBXFileReference; lastKnownFileType = sourcecode.swift; path = AccountDto.swift; sourceTree = "<group>"; };
		12BEBFB42B7CFF230000BC0B /* MatchListViewController.swift */ = {isa = PBXFileReference; lastKnownFileType = sourcecode.swift; path = MatchListViewController.swift; sourceTree = "<group>"; };
		12BEBFB62B7CFF350000BC0B /* MatchListViewModel.swift */ = {isa = PBXFileReference; lastKnownFileType = sourcecode.swift; path = MatchListViewModel.swift; sourceTree = "<group>"; };
		12BEBFB82B7D094B0000BC0B /* SummonerDto.swift */ = {isa = PBXFileReference; lastKnownFileType = sourcecode.swift; path = SummonerDto.swift; sourceTree = "<group>"; };
		12C8EA3A2B7B118E0008F402 /* loading.json */ = {isa = PBXFileReference; fileEncoding = 4; lastKnownFileType = text.json; path = loading.json; sourceTree = "<group>"; };
		12C8EA432B7B53010008F402 /* BottomSheetView.swift */ = {isa = PBXFileReference; lastKnownFileType = sourcecode.swift; path = BottomSheetView.swift; sourceTree = "<group>"; };
		12C8EA492B7B78920008F402 /* RiotServer.swift */ = {isa = PBXFileReference; lastKnownFileType = sourcecode.swift; path = RiotServer.swift; sourceTree = "<group>"; };
		12C8EA4B2B7B7F050008F402 /* UIViewController+Extension.swift */ = {isa = PBXFileReference; lastKnownFileType = sourcecode.swift; path = "UIViewController+Extension.swift"; sourceTree = "<group>"; };
		12C8EA4D2B7B83F50008F402 /* ServerSelectCell.swift */ = {isa = PBXFileReference; lastKnownFileType = sourcecode.swift; path = ServerSelectCell.swift; sourceTree = "<group>"; };
		12CD22072B6E6A4800244152 /* AaramReport.app */ = {isa = PBXFileReference; explicitFileType = wrapper.application; includeInIndex = 0; path = AaramReport.app; sourceTree = BUILT_PRODUCTS_DIR; };
		12CD220A2B6E6A4900244152 /* AppDelegate.swift */ = {isa = PBXFileReference; lastKnownFileType = sourcecode.swift; path = AppDelegate.swift; sourceTree = "<group>"; };
		12CD220C2B6E6A4900244152 /* SceneDelegate.swift */ = {isa = PBXFileReference; lastKnownFileType = sourcecode.swift; path = SceneDelegate.swift; sourceTree = "<group>"; };
		12CD220E2B6E6A4900244152 /* HomeViewController.swift */ = {isa = PBXFileReference; lastKnownFileType = sourcecode.swift; path = HomeViewController.swift; sourceTree = "<group>"; };
		12CD22112B6E6A4900244152 /* Base */ = {isa = PBXFileReference; lastKnownFileType = file.storyboard; name = Base; path = Base.lproj/Main.storyboard; sourceTree = "<group>"; };
		12CD22132B6E6A4B00244152 /* Assets.xcassets */ = {isa = PBXFileReference; lastKnownFileType = folder.assetcatalog; path = Assets.xcassets; sourceTree = "<group>"; };
		12CD22162B6E6A4B00244152 /* Base */ = {isa = PBXFileReference; lastKnownFileType = file.storyboard; name = Base; path = Base.lproj/LaunchScreen.storyboard; sourceTree = "<group>"; };
		12CD22182B6E6A4B00244152 /* Info.plist */ = {isa = PBXFileReference; lastKnownFileType = text.plist.xml; path = Info.plist; sourceTree = "<group>"; };
/* End PBXFileReference section */

/* Begin PBXFrameworksBuildPhase section */
		12CD22042B6E6A4800244152 /* Frameworks */ = {
			isa = PBXFrameworksBuildPhase;
			buildActionMask = 2147483647;
			files = (
				12C8EA592B7BBEA90008F402 /* SDWebImageSVGCoder in Frameworks */,
				129AA41D2B7A57BD00F8FE62 /* Toast in Frameworks */,
				12C8EA532B7BBD8E0008F402 /* SDWebImageMapKit in Frameworks */,
				129AA4112B790F3F00F8FE62 /* RxRelay in Frameworks */,
				12C8EA512B7BBD8E0008F402 /* SDWebImage in Frameworks */,
				129AA40F2B790F3F00F8FE62 /* RxCocoa-Dynamic in Frameworks */,
				12C8EA562B7BBDA50008F402 /* Alamofire in Frameworks */,
				129AA40D2B790F3F00F8FE62 /* RxCocoa in Frameworks */,
				129AA4092B790F3F00F8FE62 /* RxBlocking in Frameworks */,
				12C8EA402B7B48040008F402 /* FloatingPanel in Frameworks */,
				129AA40B2B790F3F00F8FE62 /* RxBlocking-Dynamic in Frameworks */,
			);
			runOnlyForDeploymentPostprocessing = 0;
		};
/* End PBXFrameworksBuildPhase section */

/* Begin PBXGroup section */
		121A56D92B6F5CB0006ED02D /* View */ = {
			isa = PBXGroup;
			children = (
				12C8EA432B7B53010008F402 /* BottomSheetView.swift */,
				12B1E0C92B711E0500D48EE0 /* MaskingLabel.swift */,
				129AA4142B79C98200F8FE62 /* Screens */,
			);
			path = View;
			sourceTree = "<group>";
		};
		121A56DB2B6F5F43006ED02D /* Resources */ = {
			isa = PBXGroup;
			children = (
				12C8EA3A2B7B118E0008F402 /* loading.json */,
				121A56DC2B6F5F52006ED02D /* home_bg.mp4 */,
				12CD22132B6E6A4B00244152 /* Assets.xcassets */,
			);
			path = Resources;
			sourceTree = "<group>";
		};
		121A56E12B6FB2A3006ED02D /* Extensions */ = {
			isa = PBXGroup;
			children = (
				121A56E22B6FB2DA006ED02D /* UILabel+Extension.swift */,
				121A56E42B6FB575006ED02D /* NSAttributedString+Extension.swift */,
				12C8EA4B2B7B7F050008F402 /* UIViewController+Extension.swift */,
				12A66F182B7E2A8F001FDC45 /* Bundle+Extension.swift */,
			);
			path = Extensions;
			sourceTree = "<group>";
		};
		129AA4042B790CF800F8FE62 /* Home */ = {
			isa = PBXGroup;
			children = (
				12CD220E2B6E6A4900244152 /* HomeViewController.swift */,
				121A56DE2B6F6496006ED02D /* HomeBgView.swift */,
				129AA4212B7A5F3800F8FE62 /* ServerSelectBottomSheet.swift */,
				12C8EA4D2B7B83F50008F402 /* ServerSelectCell.swift */,
			);
			path = Home;
			sourceTree = "<group>";
		};
		129AA4122B79C91500F8FE62 /* Utils */ = {
			isa = PBXGroup;
			children = (
				121A56E12B6FB2A3006ED02D /* Extensions */,
				129AA4192B7A3E6400F8FE62 /* Constants.swift */,
				12A66F1A2B7E31C3001FDC45 /* Log.swift */,
			);
			path = Utils;
			sourceTree = "<group>";
		};
		129AA4142B79C98200F8FE62 /* Screens */ = {
			isa = PBXGroup;
			children = (
				12BEBFB32B7CFEEC0000BC0B /* MatchList */,
				129AA4042B790CF800F8FE62 /* Home */,
			);
			path = Screens;
			sourceTree = "<group>";
		};
		129AA4162B79CA5300F8FE62 /* Service */ = {
			isa = PBXGroup;
			children = (
				129AA4182B79CAB000F8FE62 /* API */,
				129AA4172B79CA7F00F8FE62 /* Model */,
			);
			path = Service;
			sourceTree = "<group>";
		};
		129AA4172B79CA7F00F8FE62 /* Model */ = {
			isa = PBXGroup;
			children = (
				12A02B8E2B83239A002BE599 /* DataDragon */,
				12C8EA492B7B78920008F402 /* RiotServer.swift */,
				12BEBFAF2B7CEC6F0000BC0B /* ErrorResponse.swift */,
				12BEBFB12B7CF7350000BC0B /* AccountDto.swift */,
				12BEBFB82B7D094B0000BC0B /* SummonerDto.swift */,
				12A0B77D2B7F1753008FDA9C /* MatchDto.swift */,
				12A0B77F2B7F2437008FDA9C /* CurrentGameInto.swift */,
				12A0B7812B7F30C8008FDA9C /* LeagueEntryDto.swift */,
				12A0B7832B7F3669008FDA9C /* ChampionMasteryDto.swift */,
			);
			path = Model;
			sourceTree = "<group>";
		};
		129AA4182B79CAB000F8FE62 /* API */ = {
			isa = PBXGroup;
			children = (
				12BEBFA32B7CCEE00000BC0B /* ApiService.swift */,
				12BEBFA22B7CCEE00000BC0B /* ApiClient.swift */,
				12A02B8C2B831D8A002BE599 /* DataDragon.swift */,
			);
			path = API;
			sourceTree = "<group>";
		};
		12A02B8E2B83239A002BE599 /* DataDragon */ = {
			isa = PBXGroup;
			children = (
				12A02B8F2B8325E7002BE599 /* SpellMetadata.swift */,
			);
			path = DataDragon;
			sourceTree = "<group>";
		};
		12BEBFB32B7CFEEC0000BC0B /* MatchList */ = {
			isa = PBXGroup;
			children = (
				12BEBFB42B7CFF230000BC0B /* MatchListViewController.swift */,
				12BEBFB62B7CFF350000BC0B /* MatchListViewModel.swift */,
				129A42D02B824047007B8DF0 /* MatchListCell.swift */,
			);
			path = MatchList;
			sourceTree = "<group>";
		};
		12CD21FE2B6E6A4800244152 = {
			isa = PBXGroup;
			children = (
				12CD22092B6E6A4800244152 /* AaramReport */,
				12CD22082B6E6A4800244152 /* Products */,
			);
			sourceTree = "<group>";
		};
		12CD22082B6E6A4800244152 /* Products */ = {
			isa = PBXGroup;
			children = (
				12CD22072B6E6A4800244152 /* AaramReport.app */,
			);
			name = Products;
			sourceTree = "<group>";
		};
		12CD22092B6E6A4800244152 /* AaramReport */ = {
			isa = PBXGroup;
			children = (
				12CD22182B6E6A4B00244152 /* Info.plist */,
				12A66F162B7E24B6001FDC45 /* Key.plist */,
				12CD220A2B6E6A4900244152 /* AppDelegate.swift */,
				12CD220C2B6E6A4900244152 /* SceneDelegate.swift */,
				12CD22152B6E6A4B00244152 /* LaunchScreen.storyboard */,
				12CD22102B6E6A4900244152 /* Main.storyboard */,
				121A56DB2B6F5F43006ED02D /* Resources */,
				129AA4162B79CA5300F8FE62 /* Service */,
				129AA4122B79C91500F8FE62 /* Utils */,
				121A56D92B6F5CB0006ED02D /* View */,
			);
			path = AaramReport;
			sourceTree = "<group>";
		};
/* End PBXGroup section */

/* Begin PBXNativeTarget section */
		12CD22062B6E6A4800244152 /* AaramReport */ = {
			isa = PBXNativeTarget;
			buildConfigurationList = 12CD221B2B6E6A4B00244152 /* Build configuration list for PBXNativeTarget "AaramReport" */;
			buildPhases = (
				12CD22032B6E6A4800244152 /* Sources */,
				12CD22042B6E6A4800244152 /* Frameworks */,
				12CD22052B6E6A4800244152 /* Resources */,
			);
			buildRules = (
			);
			dependencies = (
			);
			name = AaramReport;
			packageProductDependencies = (
				129AA4082B790F3F00F8FE62 /* RxBlocking */,
				129AA40A2B790F3F00F8FE62 /* RxBlocking-Dynamic */,
				129AA40C2B790F3F00F8FE62 /* RxCocoa */,
				129AA40E2B790F3F00F8FE62 /* RxCocoa-Dynamic */,
				129AA4102B790F3F00F8FE62 /* RxRelay */,
				129AA41C2B7A57BD00F8FE62 /* Toast */,
				12C8EA3F2B7B48040008F402 /* FloatingPanel */,
				12C8EA502B7BBD8E0008F402 /* SDWebImage */,
				12C8EA522B7BBD8E0008F402 /* SDWebImageMapKit */,
				12C8EA552B7BBDA50008F402 /* Alamofire */,
				12C8EA582B7BBEA90008F402 /* SDWebImageSVGCoder */,
			);
			productName = AaramReport;
			productReference = 12CD22072B6E6A4800244152 /* AaramReport.app */;
			productType = "com.apple.product-type.application";
		};
/* End PBXNativeTarget section */

/* Begin PBXProject section */
		12CD21FF2B6E6A4800244152 /* Project object */ = {
			isa = PBXProject;
			attributes = {
				BuildIndependentTargetsInParallel = 1;
				LastSwiftUpdateCheck = 1520;
				LastUpgradeCheck = 1520;
				TargetAttributes = {
					12CD22062B6E6A4800244152 = {
						CreatedOnToolsVersion = 15.2;
					};
				};
			};
			buildConfigurationList = 12CD22022B6E6A4800244152 /* Build configuration list for PBXProject "AaramReport" */;
			compatibilityVersion = "Xcode 14.0";
			developmentRegion = en;
			hasScannedForEncodings = 0;
			knownRegions = (
				en,
				Base,
			);
			mainGroup = 12CD21FE2B6E6A4800244152;
			packageReferences = (
				129AA4072B790F3F00F8FE62 /* XCRemoteSwiftPackageReference "RxSwift" */,
				129AA41B2B7A57BC00F8FE62 /* XCRemoteSwiftPackageReference "Toast-Swift" */,
				12C8EA3E2B7B48040008F402 /* XCRemoteSwiftPackageReference "FloatingPanel" */,
				12C8EA4F2B7BBD8E0008F402 /* XCRemoteSwiftPackageReference "SDWebImage" */,
				12C8EA542B7BBDA50008F402 /* XCRemoteSwiftPackageReference "Alamofire" */,
				12C8EA572B7BBEA90008F402 /* XCRemoteSwiftPackageReference "SDWebImageSVGCoder" */,
			);
			productRefGroup = 12CD22082B6E6A4800244152 /* Products */;
			projectDirPath = "";
			projectRoot = "";
			targets = (
				12CD22062B6E6A4800244152 /* AaramReport */,
			);
		};
/* End PBXProject section */

/* Begin PBXResourcesBuildPhase section */
		12CD22052B6E6A4800244152 /* Resources */ = {
			isa = PBXResourcesBuildPhase;
			buildActionMask = 2147483647;
			files = (
				121A56E02B6F7A20006ED02D /* home_bg.mp4 in Resources */,
				12CD22172B6E6A4B00244152 /* LaunchScreen.storyboard in Resources */,
				12A66F172B7E24B6001FDC45 /* Key.plist in Resources */,
				12CD22142B6E6A4B00244152 /* Assets.xcassets in Resources */,
				12CD22122B6E6A4900244152 /* Main.storyboard in Resources */,
				12C8EA3B2B7B118E0008F402 /* loading.json in Resources */,
			);
			runOnlyForDeploymentPostprocessing = 0;
		};
/* End PBXResourcesBuildPhase section */

/* Begin PBXSourcesBuildPhase section */
		12CD22032B6E6A4800244152 /* Sources */ = {
			isa = PBXSourcesBuildPhase;
			buildActionMask = 2147483647;
			files = (
				12C8EA4C2B7B7F060008F402 /* UIViewController+Extension.swift in Sources */,
				12A66F192B7E2A8F001FDC45 /* Bundle+Extension.swift in Sources */,
				12A66F1B2B7E31C3001FDC45 /* Log.swift in Sources */,
				12A0B7802B7F2437008FDA9C /* CurrentGameInto.swift in Sources */,
				12BEBFB92B7D094B0000BC0B /* SummonerDto.swift in Sources */,
				12C8EA4A2B7B78920008F402 /* RiotServer.swift in Sources */,
				121A56DF2B6F6496006ED02D /* HomeBgView.swift in Sources */,
				12CD220F2B6E6A4900244152 /* HomeViewController.swift in Sources */,
				129AA4222B7A5F3800F8FE62 /* ServerSelectBottomSheet.swift in Sources */,
				121A56E32B6FB2DA006ED02D /* UILabel+Extension.swift in Sources */,
				12BEBFAA2B7CCEE10000BC0B /* ApiService.swift in Sources */,
				129A42D12B824047007B8DF0 /* MatchListCell.swift in Sources */,
				12BEBFB22B7CF7350000BC0B /* AccountDto.swift in Sources */,
				12BEBFB52B7CFF230000BC0B /* MatchListViewController.swift in Sources */,
				12BEBFB02B7CEC6F0000BC0B /* ErrorResponse.swift in Sources */,
				121A56E52B6FB575006ED02D /* NSAttributedString+Extension.swift in Sources */,
				12A02B8D2B831D8A002BE599 /* DataDragon.swift in Sources */,
				12CD220B2B6E6A4900244152 /* AppDelegate.swift in Sources */,
				12A0B7842B7F3669008FDA9C /* ChampionMasteryDto.swift in Sources */,
				12BEBFB72B7CFF350000BC0B /* MatchListViewModel.swift in Sources */,
				12B1E0CA2B711E0500D48EE0 /* MaskingLabel.swift in Sources */,
				12A0B77E2B7F1753008FDA9C /* MatchDto.swift in Sources */,
				12A02B902B8325E7002BE599 /* SpellMetadata.swift in Sources */,
				12C8EA442B7B53010008F402 /* BottomSheetView.swift in Sources */,
				12CD220D2B6E6A4900244152 /* SceneDelegate.swift in Sources */,
				129AA41A2B7A3E6400F8FE62 /* Constants.swift in Sources */,
				12A0B7822B7F30C8008FDA9C /* LeagueEntryDto.swift in Sources */,
				12C8EA4E2B7B83F50008F402 /* ServerSelectCell.swift in Sources */,
				12BEBFA92B7CCEE10000BC0B /* ApiClient.swift in Sources */,
			);
			runOnlyForDeploymentPostprocessing = 0;
		};
/* End PBXSourcesBuildPhase section */

/* Begin PBXVariantGroup section */
		12CD22102B6E6A4900244152 /* Main.storyboard */ = {
			isa = PBXVariantGroup;
			children = (
				12CD22112B6E6A4900244152 /* Base */,
			);
			name = Main.storyboard;
			sourceTree = "<group>";
		};
		12CD22152B6E6A4B00244152 /* LaunchScreen.storyboard */ = {
			isa = PBXVariantGroup;
			children = (
				12CD22162B6E6A4B00244152 /* Base */,
			);
			name = LaunchScreen.storyboard;
			sourceTree = "<group>";
		};
/* End PBXVariantGroup section */

/* Begin XCBuildConfiguration section */
		12CD22192B6E6A4B00244152 /* Debug */ = {
			isa = XCBuildConfiguration;
			buildSettings = {
				ALWAYS_SEARCH_USER_PATHS = NO;
				ASSETCATALOG_COMPILER_GENERATE_SWIFT_ASSET_SYMBOL_EXTENSIONS = YES;
				CLANG_ANALYZER_NONNULL = YES;
				CLANG_ANALYZER_NUMBER_OBJECT_CONVERSION = YES_AGGRESSIVE;
				CLANG_CXX_LANGUAGE_STANDARD = "gnu++20";
				CLANG_ENABLE_MODULES = YES;
				CLANG_ENABLE_OBJC_ARC = YES;
				CLANG_ENABLE_OBJC_WEAK = YES;
				CLANG_WARN_BLOCK_CAPTURE_AUTORELEASING = YES;
				CLANG_WARN_BOOL_CONVERSION = YES;
				CLANG_WARN_COMMA = YES;
				CLANG_WARN_CONSTANT_CONVERSION = YES;
				CLANG_WARN_DEPRECATED_OBJC_IMPLEMENTATIONS = YES;
				CLANG_WARN_DIRECT_OBJC_ISA_USAGE = YES_ERROR;
				CLANG_WARN_DOCUMENTATION_COMMENTS = YES;
				CLANG_WARN_EMPTY_BODY = YES;
				CLANG_WARN_ENUM_CONVERSION = YES;
				CLANG_WARN_INFINITE_RECURSION = YES;
				CLANG_WARN_INT_CONVERSION = YES;
				CLANG_WARN_NON_LITERAL_NULL_CONVERSION = YES;
				CLANG_WARN_OBJC_IMPLICIT_RETAIN_SELF = YES;
				CLANG_WARN_OBJC_LITERAL_CONVERSION = YES;
				CLANG_WARN_OBJC_ROOT_CLASS = YES_ERROR;
				CLANG_WARN_QUOTED_INCLUDE_IN_FRAMEWORK_HEADER = YES;
				CLANG_WARN_RANGE_LOOP_ANALYSIS = YES;
				CLANG_WARN_STRICT_PROTOTYPES = YES;
				CLANG_WARN_SUSPICIOUS_MOVE = YES;
				CLANG_WARN_UNGUARDED_AVAILABILITY = YES_AGGRESSIVE;
				CLANG_WARN_UNREACHABLE_CODE = YES;
				CLANG_WARN__DUPLICATE_METHOD_MATCH = YES;
				COPY_PHASE_STRIP = NO;
				DEBUG_INFORMATION_FORMAT = dwarf;
				ENABLE_STRICT_OBJC_MSGSEND = YES;
				ENABLE_TESTABILITY = YES;
				ENABLE_USER_SCRIPT_SANDBOXING = YES;
				GCC_C_LANGUAGE_STANDARD = gnu17;
				GCC_DYNAMIC_NO_PIC = NO;
				GCC_NO_COMMON_BLOCKS = YES;
				GCC_OPTIMIZATION_LEVEL = 0;
				GCC_PREPROCESSOR_DEFINITIONS = (
					"DEBUG=1",
					"$(inherited)",
				);
				GCC_WARN_64_TO_32_BIT_CONVERSION = YES;
				GCC_WARN_ABOUT_RETURN_TYPE = YES_ERROR;
				GCC_WARN_UNDECLARED_SELECTOR = YES;
				GCC_WARN_UNINITIALIZED_AUTOS = YES_AGGRESSIVE;
				GCC_WARN_UNUSED_FUNCTION = YES;
				GCC_WARN_UNUSED_VARIABLE = YES;
				IPHONEOS_DEPLOYMENT_TARGET = 15.0;
				LOCALIZATION_PREFERS_STRING_CATALOGS = YES;
				MTL_ENABLE_DEBUG_INFO = INCLUDE_SOURCE;
				MTL_FAST_MATH = YES;
				ONLY_ACTIVE_ARCH = YES;
				SDKROOT = iphoneos;
				SWIFT_ACTIVE_COMPILATION_CONDITIONS = "DEBUG $(inherited)";
				SWIFT_OPTIMIZATION_LEVEL = "-Onone";
			};
			name = Debug;
		};
		12CD221A2B6E6A4B00244152 /* Release */ = {
			isa = XCBuildConfiguration;
			buildSettings = {
				ALWAYS_SEARCH_USER_PATHS = NO;
				ASSETCATALOG_COMPILER_GENERATE_SWIFT_ASSET_SYMBOL_EXTENSIONS = YES;
				CLANG_ANALYZER_NONNULL = YES;
				CLANG_ANALYZER_NUMBER_OBJECT_CONVERSION = YES_AGGRESSIVE;
				CLANG_CXX_LANGUAGE_STANDARD = "gnu++20";
				CLANG_ENABLE_MODULES = YES;
				CLANG_ENABLE_OBJC_ARC = YES;
				CLANG_ENABLE_OBJC_WEAK = YES;
				CLANG_WARN_BLOCK_CAPTURE_AUTORELEASING = YES;
				CLANG_WARN_BOOL_CONVERSION = YES;
				CLANG_WARN_COMMA = YES;
				CLANG_WARN_CONSTANT_CONVERSION = YES;
				CLANG_WARN_DEPRECATED_OBJC_IMPLEMENTATIONS = YES;
				CLANG_WARN_DIRECT_OBJC_ISA_USAGE = YES_ERROR;
				CLANG_WARN_DOCUMENTATION_COMMENTS = YES;
				CLANG_WARN_EMPTY_BODY = YES;
				CLANG_WARN_ENUM_CONVERSION = YES;
				CLANG_WARN_INFINITE_RECURSION = YES;
				CLANG_WARN_INT_CONVERSION = YES;
				CLANG_WARN_NON_LITERAL_NULL_CONVERSION = YES;
				CLANG_WARN_OBJC_IMPLICIT_RETAIN_SELF = YES;
				CLANG_WARN_OBJC_LITERAL_CONVERSION = YES;
				CLANG_WARN_OBJC_ROOT_CLASS = YES_ERROR;
				CLANG_WARN_QUOTED_INCLUDE_IN_FRAMEWORK_HEADER = YES;
				CLANG_WARN_RANGE_LOOP_ANALYSIS = YES;
				CLANG_WARN_STRICT_PROTOTYPES = YES;
				CLANG_WARN_SUSPICIOUS_MOVE = YES;
				CLANG_WARN_UNGUARDED_AVAILABILITY = YES_AGGRESSIVE;
				CLANG_WARN_UNREACHABLE_CODE = YES;
				CLANG_WARN__DUPLICATE_METHOD_MATCH = YES;
				COPY_PHASE_STRIP = NO;
				DEBUG_INFORMATION_FORMAT = "dwarf-with-dsym";
				ENABLE_NS_ASSERTIONS = NO;
				ENABLE_STRICT_OBJC_MSGSEND = YES;
				ENABLE_USER_SCRIPT_SANDBOXING = YES;
				GCC_C_LANGUAGE_STANDARD = gnu17;
				GCC_NO_COMMON_BLOCKS = YES;
				GCC_WARN_64_TO_32_BIT_CONVERSION = YES;
				GCC_WARN_ABOUT_RETURN_TYPE = YES_ERROR;
				GCC_WARN_UNDECLARED_SELECTOR = YES;
				GCC_WARN_UNINITIALIZED_AUTOS = YES_AGGRESSIVE;
				GCC_WARN_UNUSED_FUNCTION = YES;
				GCC_WARN_UNUSED_VARIABLE = YES;
				IPHONEOS_DEPLOYMENT_TARGET = 15.0;
				LOCALIZATION_PREFERS_STRING_CATALOGS = YES;
				MTL_ENABLE_DEBUG_INFO = NO;
				MTL_FAST_MATH = YES;
				SDKROOT = iphoneos;
				SWIFT_COMPILATION_MODE = wholemodule;
				VALIDATE_PRODUCT = YES;
			};
			name = Release;
		};
		12CD221C2B6E6A4B00244152 /* Debug */ = {
			isa = XCBuildConfiguration;
			buildSettings = {
				ASSETCATALOG_COMPILER_APPICON_NAME = AppIcon;
				ASSETCATALOG_COMPILER_GLOBAL_ACCENT_COLOR_NAME = AccentColor;
				CODE_SIGN_STYLE = Automatic;
				CURRENT_PROJECT_VERSION = 1;
				DEVELOPMENT_TEAM = X7V9S4P6P3;
				GENERATE_INFOPLIST_FILE = YES;
				INFOPLIST_FILE = AaramReport/Info.plist;
				INFOPLIST_KEY_UIApplicationSupportsIndirectInputEvents = YES;
				INFOPLIST_KEY_UILaunchStoryboardName = LaunchScreen;
				INFOPLIST_KEY_UIMainStoryboardFile = Main;
				INFOPLIST_KEY_UISupportedInterfaceOrientations_iPad = "UIInterfaceOrientationPortrait UIInterfaceOrientationPortraitUpsideDown UIInterfaceOrientationLandscapeLeft UIInterfaceOrientationLandscapeRight";
				INFOPLIST_KEY_UISupportedInterfaceOrientations_iPhone = "UIInterfaceOrientationPortrait UIInterfaceOrientationLandscapeLeft UIInterfaceOrientationLandscapeRight";
				LD_RUNPATH_SEARCH_PATHS = (
					"$(inherited)",
					"@executable_path/Frameworks",
				);
				MARKETING_VERSION = 1.0;
				PRODUCT_BUNDLE_IDENTIFIER = OBeris.AaramReport;
				PRODUCT_NAME = "$(TARGET_NAME)";
				SWIFT_EMIT_LOC_STRINGS = YES;
				SWIFT_VERSION = 5.0;
				TARGETED_DEVICE_FAMILY = "1,2";
			};
			name = Debug;
		};
		12CD221D2B6E6A4B00244152 /* Release */ = {
			isa = XCBuildConfiguration;
			buildSettings = {
				ASSETCATALOG_COMPILER_APPICON_NAME = AppIcon;
				ASSETCATALOG_COMPILER_GLOBAL_ACCENT_COLOR_NAME = AccentColor;
				CODE_SIGN_STYLE = Automatic;
				CURRENT_PROJECT_VERSION = 1;
				DEVELOPMENT_TEAM = X7V9S4P6P3;
				GENERATE_INFOPLIST_FILE = YES;
				INFOPLIST_FILE = AaramReport/Info.plist;
				INFOPLIST_KEY_UIApplicationSupportsIndirectInputEvents = YES;
				INFOPLIST_KEY_UILaunchStoryboardName = LaunchScreen;
				INFOPLIST_KEY_UIMainStoryboardFile = Main;
				INFOPLIST_KEY_UISupportedInterfaceOrientations_iPad = "UIInterfaceOrientationPortrait UIInterfaceOrientationPortraitUpsideDown UIInterfaceOrientationLandscapeLeft UIInterfaceOrientationLandscapeRight";
				INFOPLIST_KEY_UISupportedInterfaceOrientations_iPhone = "UIInterfaceOrientationPortrait UIInterfaceOrientationLandscapeLeft UIInterfaceOrientationLandscapeRight";
				LD_RUNPATH_SEARCH_PATHS = (
					"$(inherited)",
					"@executable_path/Frameworks",
				);
				MARKETING_VERSION = 1.0;
				PRODUCT_BUNDLE_IDENTIFIER = OBeris.AaramReport;
				PRODUCT_NAME = "$(TARGET_NAME)";
				SWIFT_EMIT_LOC_STRINGS = YES;
				SWIFT_VERSION = 5.0;
				TARGETED_DEVICE_FAMILY = "1,2";
			};
			name = Release;
		};
/* End XCBuildConfiguration section */

/* Begin XCConfigurationList section */
		12CD22022B6E6A4800244152 /* Build configuration list for PBXProject "AaramReport" */ = {
			isa = XCConfigurationList;
			buildConfigurations = (
				12CD22192B6E6A4B00244152 /* Debug */,
				12CD221A2B6E6A4B00244152 /* Release */,
			);
			defaultConfigurationIsVisible = 0;
			defaultConfigurationName = Release;
		};
		12CD221B2B6E6A4B00244152 /* Build configuration list for PBXNativeTarget "AaramReport" */ = {
			isa = XCConfigurationList;
			buildConfigurations = (
				12CD221C2B6E6A4B00244152 /* Debug */,
				12CD221D2B6E6A4B00244152 /* Release */,
			);
			defaultConfigurationIsVisible = 0;
			defaultConfigurationName = Release;
		};
/* End XCConfigurationList section */

/* Begin XCRemoteSwiftPackageReference section */
		129AA4072B790F3F00F8FE62 /* XCRemoteSwiftPackageReference "RxSwift" */ = {
			isa = XCRemoteSwiftPackageReference;
			repositoryURL = "https://github.com/ReactiveX/RxSwift.git";
			requirement = {
				kind = upToNextMajorVersion;
				minimumVersion = 6.6.0;
			};
		};
		129AA41B2B7A57BC00F8FE62 /* XCRemoteSwiftPackageReference "Toast-Swift" */ = {
			isa = XCRemoteSwiftPackageReference;
			repositoryURL = "https://github.com/scalessec/Toast-Swift";
			requirement = {
				kind = upToNextMajorVersion;
				minimumVersion = 5.1.0;
			};
		};
		12C8EA3E2B7B48040008F402 /* XCRemoteSwiftPackageReference "FloatingPanel" */ = {
			isa = XCRemoteSwiftPackageReference;
			repositoryURL = "https://github.com/scenee/FloatingPanel";
			requirement = {
				kind = upToNextMajorVersion;
				minimumVersion = 2.8.1;
			};
		};
		12C8EA4F2B7BBD8E0008F402 /* XCRemoteSwiftPackageReference "SDWebImage" */ = {
			isa = XCRemoteSwiftPackageReference;
			repositoryURL = "https://github.com/SDWebImage/SDWebImage";
			requirement = {
				kind = upToNextMajorVersion;
				minimumVersion = 5.18.11;
			};
		};
		12C8EA542B7BBDA50008F402 /* XCRemoteSwiftPackageReference "Alamofire" */ = {
			isa = XCRemoteSwiftPackageReference;
			repositoryURL = "https://github.com/Alamofire/Alamofire";
			requirement = {
				kind = upToNextMajorVersion;
				minimumVersion = 5.8.1;
			};
		};
		12C8EA572B7BBEA90008F402 /* XCRemoteSwiftPackageReference "SDWebImageSVGCoder" */ = {
			isa = XCRemoteSwiftPackageReference;
			repositoryURL = "https://github.com/SDWebImage/SDWebImageSVGCoder";
			requirement = {
				kind = upToNextMajorVersion;
				minimumVersion = 1.7.0;
			};
		};
/* End XCRemoteSwiftPackageReference section */

/* Begin XCSwiftPackageProductDependency section */
		129AA4082B790F3F00F8FE62 /* RxBlocking */ = {
			isa = XCSwiftPackageProductDependency;
			package = 129AA4072B790F3F00F8FE62 /* XCRemoteSwiftPackageReference "RxSwift" */;
			productName = RxBlocking;
		};
		129AA40A2B790F3F00F8FE62 /* RxBlocking-Dynamic */ = {
			isa = XCSwiftPackageProductDependency;
			package = 129AA4072B790F3F00F8FE62 /* XCRemoteSwiftPackageReference "RxSwift" */;
			productName = "RxBlocking-Dynamic";
		};
		129AA40C2B790F3F00F8FE62 /* RxCocoa */ = {
			isa = XCSwiftPackageProductDependency;
			package = 129AA4072B790F3F00F8FE62 /* XCRemoteSwiftPackageReference "RxSwift" */;
			productName = RxCocoa;
		};
		129AA40E2B790F3F00F8FE62 /* RxCocoa-Dynamic */ = {
			isa = XCSwiftPackageProductDependency;
			package = 129AA4072B790F3F00F8FE62 /* XCRemoteSwiftPackageReference "RxSwift" */;
			productName = "RxCocoa-Dynamic";
		};
		129AA4102B790F3F00F8FE62 /* RxRelay */ = {
			isa = XCSwiftPackageProductDependency;
			package = 129AA4072B790F3F00F8FE62 /* XCRemoteSwiftPackageReference "RxSwift" */;
			productName = RxRelay;
		};
		129AA41C2B7A57BD00F8FE62 /* Toast */ = {
			isa = XCSwiftPackageProductDependency;
			package = 129AA41B2B7A57BC00F8FE62 /* XCRemoteSwiftPackageReference "Toast-Swift" */;
			productName = Toast;
		};
		12C8EA3F2B7B48040008F402 /* FloatingPanel */ = {
			isa = XCSwiftPackageProductDependency;
			package = 12C8EA3E2B7B48040008F402 /* XCRemoteSwiftPackageReference "FloatingPanel" */;
			productName = FloatingPanel;
		};
		12C8EA502B7BBD8E0008F402 /* SDWebImage */ = {
			isa = XCSwiftPackageProductDependency;
			package = 12C8EA4F2B7BBD8E0008F402 /* XCRemoteSwiftPackageReference "SDWebImage" */;
			productName = SDWebImage;
		};
		12C8EA522B7BBD8E0008F402 /* SDWebImageMapKit */ = {
			isa = XCSwiftPackageProductDependency;
			package = 12C8EA4F2B7BBD8E0008F402 /* XCRemoteSwiftPackageReference "SDWebImage" */;
			productName = SDWebImageMapKit;
		};
		12C8EA552B7BBDA50008F402 /* Alamofire */ = {
			isa = XCSwiftPackageProductDependency;
			package = 12C8EA542B7BBDA50008F402 /* XCRemoteSwiftPackageReference "Alamofire" */;
			productName = Alamofire;
		};
		12C8EA582B7BBEA90008F402 /* SDWebImageSVGCoder */ = {
			isa = XCSwiftPackageProductDependency;
			package = 12C8EA572B7BBEA90008F402 /* XCRemoteSwiftPackageReference "SDWebImageSVGCoder" */;
			productName = SDWebImageSVGCoder;
		};
/* End XCSwiftPackageProductDependency section */
	};
	rootObject = 12CD21FF2B6E6A4800244152 /* Project object */;
}
